
Microsoft Visual Studio Solution File, Format Version 12.00
# Visual Studio Version 17
VisualStudioVersion = 17.3.32922.545
MinimumVisualStudioVersion = 10.0.40219.1
Project("{9A19103F-16F7-4668-BE54-9A1E7A4F7556}") = "7IN5D4-ATAKAN-YAGAN", "7IN5D4-ATAKAN-YAGAN\7IN5D4-ATAKAN-YAGAN.csproj", "{B74DA73C-DDBA-445B-82BF-2381B08BDBAD}"
EndProject
Project("{9A19103F-16F7-4668-BE54-9A1E7A4F7556}") = "ConsoleApp1", "ConsoleApp1\ConsoleApp1.csproj", "{90EDD1B2-C271-4EB6-A64C-41DACD6C782F}"
EndProject
Project("{FAE04EC0-301F-11D3-BF4B-00C04F79EFBC}") = "Entities", "Entities\Entities.csproj", "{46BADEAF-30B8-454D-9C7A-BBF8D2045904}"
EndProject
Project("{FAE04EC0-301F-11D3-BF4B-00C04F79EFBC}") = "Business", "Business\Business.csproj", "{40200415-F6B6-4141-9FC2-99975DDE212C}"
EndProject
Project("{FAE04EC0-301F-11D3-BF4B-00C04F79EFBC}") = "DataAccess", "DataAccess\DataAccess.csproj", "{02FEEED8-AE7F-4545-9973-E60CA71E1CCE}"
EndProject
Project("{FAE04EC0-301F-11D3-BF4B-00C04F79EFBC}") = "Core", "Core\Core.csproj", "{F430D7A4-EE53-495F-A6B1-F935A84B769E}"
EndProject
Global
	GlobalSection(SolutionConfigurationPlatforms) = preSolution
		Debug|Any CPU = Debug|Any CPU
		Release|Any CPU = Release|Any CPU
	EndGlobalSection
	GlobalSection(ProjectConfigurationPlatforms) = postSolution
		{B74DA73C-DDBA-445B-82BF-2381B08BDBAD}.Debug|Any CPU.ActiveCfg = Debug|Any CPU
		{B74DA73C-DDBA-445B-82BF-2381B08BDBAD}.Debug|Any CPU.Build.0 = Debug|Any CPU
		{B74DA73C-DDBA-445B-82BF-2381B08BDBAD}.Release|Any CPU.ActiveCfg = Release|Any CPU
		{B74DA73C-DDBA-445B-82BF-2381B08BDBAD}.Release|Any CPU.Build.0 = Release|Any CPU
		{90EDD1B2-C271-4EB6-A64C-41DACD6C782F}.Debug|Any CPU.ActiveCfg = Debug|Any CPU
		{90EDD1B2-C271-4EB6-A64C-41DACD6C782F}.Debug|Any CPU.Build.0 = Debug|Any CPU
		{90EDD1B2-C271-4EB6-A64C-41DACD6C782F}.Release|Any CPU.ActiveCfg = Release|Any CPU
		{90EDD1B2-C271-4EB6-A64C-41DACD6C782F}.Release|Any CPU.Build.0 = Release|Any CPU
		{46BADEAF-30B8-454D-9C7A-BBF8D2045904}.Debug|Any CPU.ActiveCfg = Debug|Any CPU
		{46BADEAF-30B8-454D-9C7A-BBF8D2045904}.Debug|Any CPU.Build.0 = Debug|Any CPU
		{46BADEAF-30B8-454D-9C7A-BBF8D2045904}.Release|Any CPU.ActiveCfg = Release|Any CPU
		{46BADEAF-30B8-454D-9C7A-BBF8D2045904}.Release|Any CPU.Build.0 = Release|Any CPU
		{40200415-F6B6-4141-9FC2-99975DDE212C}.Debug|Any CPU.ActiveCfg = Debug|Any CPU
		{40200415-F6B6-4141-9FC2-99975DDE212C}.Debug|Any CPU.Build.0 = Debug|Any CPU
		{40200415-F6B6-4141-9FC2-99975DDE212C}.Release|Any CPU.ActiveCfg = Release|Any CPU
		{40200415-F6B6-4141-9FC2-99975DDE212C}.Release|Any CPU.Build.0 = Release|Any CPU
		{02FEEED8-AE7F-4545-9973-E60CA71E1CCE}.Debug|Any CPU.ActiveCfg = Debug|Any CPU
		{02FEEED8-AE7F-4545-9973-E60CA71E1CCE}.Debug|Any CPU.Build.0 = Debug|Any CPU
		{02FEEED8-AE7F-4545-9973-E60CA71E1CCE}.Release|Any CPU.ActiveCfg = Release|Any CPU
		{02FEEED8-AE7F-4545-9973-E60CA71E1CCE}.Release|Any CPU.Build.0 = Release|Any CPU
		{F430D7A4-EE53-495F-A6B1-F935A84B769E}.Debug|Any CPU.ActiveCfg = Debug|Any CPU
		{F430D7A4-EE53-495F-A6B1-F935A84B769E}.Debug|Any CPU.Build.0 = Debug|Any CPU
		{F430D7A4-EE53-495F-A6B1-F935A84B769E}.Release|Any CPU.ActiveCfg = Release|Any CPU
		{F430D7A4-EE53-495F-A6B1-F935A84B769E}.Release|Any CPU.Build.0 = Release|Any CPU
	EndGlobalSection
	GlobalSection(SolutionProperties) = preSolution
		HideSolutionNode = FALSE
	EndGlobalSection
	GlobalSection(ExtensibilityGlobals) = postSolution
		SolutionGuid = {A7F980F0-F79A-492F-B960-E484DA83EB83}
	EndGlobalSection
EndGlobal
